// !$*UTF8*$!
{
	archiveVersion = 1;
	classes = {
	};
	objectVersion = 56;
	objects = {

/* Begin PBXBuildFile section */
		0D2397AC2C78D59B00B7CEC3 /* RootView.swift in Sources */ = {isa = PBXBuildFile; fileRef = 0D2397AB2C78D59B00B7CEC3 /* RootView.swift */; };
		0D2397AE2C78D8DF00B7CEC3 /* SettingsView.swift in Sources */ = {isa = PBXBuildFile; fileRef = 0D2397AD2C78D8DF00B7CEC3 /* SettingsView.swift */; };
		0DAE4A4E2C78277C00A5906D /* AuthenticationView.swift in Sources */ = {isa = PBXBuildFile; fileRef = 0DAE4A4D2C78277C00A5906D /* AuthenticationView.swift */; };
		0DAE4A502C78294B00A5906D /* SignInEmailView.swift in Sources */ = {isa = PBXBuildFile; fileRef = 0DAE4A4F2C78294B00A5906D /* SignInEmailView.swift */; };
		0DAE4A542C782DC600A5906D /* AuthenticationManager.swift in Sources */ = {isa = PBXBuildFile; fileRef = 0DAE4A532C782DC600A5906D /* AuthenticationManager.swift */; };
		0DB928E82C77FB2100BF7712 /* SocialMusicMediaAppApp.swift in Sources */ = {isa = PBXBuildFile; fileRef = 0DB928E72C77FB2100BF7712 /* SocialMusicMediaAppApp.swift */; };
		0DB928EA2C77FB2100BF7712 /* ContentView.swift in Sources */ = {isa = PBXBuildFile; fileRef = 0DB928E92C77FB2100BF7712 /* ContentView.swift */; };
		0DB928EC2C77FB2300BF7712 /* Assets.xcassets in Resources */ = {isa = PBXBuildFile; fileRef = 0DB928EB2C77FB2300BF7712 /* Assets.xcassets */; };
		0DB928EF2C77FB2300BF7712 /* Preview Assets.xcassets in Resources */ = {isa = PBXBuildFile; fileRef = 0DB928EE2C77FB2300BF7712 /* Preview Assets.xcassets */; };
		0DB928F92C77FB2300BF7712 /* SocialMusicMediaAppTests.swift in Sources */ = {isa = PBXBuildFile; fileRef = 0DB928F82C77FB2300BF7712 /* SocialMusicMediaAppTests.swift */; };
		0DB929032C77FB2300BF7712 /* SocialMusicMediaAppUITests.swift in Sources */ = {isa = PBXBuildFile; fileRef = 0DB929022C77FB2300BF7712 /* SocialMusicMediaAppUITests.swift */; };
		0DB929052C77FB2300BF7712 /* SocialMusicMediaAppUITestsLaunchTests.swift in Sources */ = {isa = PBXBuildFile; fileRef = 0DB929042C77FB2300BF7712 /* SocialMusicMediaAppUITestsLaunchTests.swift */; };
		0DB929122C78074C00BF7712 /* GoogleService-Info.plist in Resources */ = {isa = PBXBuildFile; fileRef = 0DB929112C78074C00BF7712 /* GoogleService-Info.plist */; };
		0DB929152C78083200BF7712 /* FirebaseAnalytics in Frameworks */ = {isa = PBXBuildFile; productRef = 0DB929142C78083200BF7712 /* FirebaseAnalytics */; };
		0DB929172C78083200BF7712 /* FirebaseAnalyticsOnDeviceConversion in Frameworks */ = {isa = PBXBuildFile; productRef = 0DB929162C78083200BF7712 /* FirebaseAnalyticsOnDeviceConversion */; };
		0DB929192C78083200BF7712 /* FirebaseAnalyticsWithoutAdIdSupport in Frameworks */ = {isa = PBXBuildFile; productRef = 0DB929182C78083200BF7712 /* FirebaseAnalyticsWithoutAdIdSupport */; };
		0DB9291B2C78083200BF7712 /* FirebaseAppCheck in Frameworks */ = {isa = PBXBuildFile; productRef = 0DB9291A2C78083200BF7712 /* FirebaseAppCheck */; };
		0DB9291D2C78083200BF7712 /* FirebaseAppDistribution-Beta in Frameworks */ = {isa = PBXBuildFile; productRef = 0DB9291C2C78083200BF7712 /* FirebaseAppDistribution-Beta */; };
		0DB9291F2C78083200BF7712 /* FirebaseAuth in Frameworks */ = {isa = PBXBuildFile; productRef = 0DB9291E2C78083200BF7712 /* FirebaseAuth */; };
		0DB929212C78083200BF7712 /* FirebaseAuthCombine-Community in Frameworks */ = {isa = PBXBuildFile; productRef = 0DB929202C78083200BF7712 /* FirebaseAuthCombine-Community */; };
		0DB929232C78083200BF7712 /* FirebaseCrashlytics in Frameworks */ = {isa = PBXBuildFile; productRef = 0DB929222C78083200BF7712 /* FirebaseCrashlytics */; };
		0DB929252C78083200BF7712 /* FirebaseDatabase in Frameworks */ = {isa = PBXBuildFile; productRef = 0DB929242C78083200BF7712 /* FirebaseDatabase */; };
		0DB929272C78083200BF7712 /* FirebaseDynamicLinks in Frameworks */ = {isa = PBXBuildFile; productRef = 0DB929262C78083200BF7712 /* FirebaseDynamicLinks */; };
		0DB929292C78083200BF7712 /* FirebaseFirestore in Frameworks */ = {isa = PBXBuildFile; productRef = 0DB929282C78083200BF7712 /* FirebaseFirestore */; };
		0DB9292B2C78083200BF7712 /* FirebaseFirestoreCombine-Community in Frameworks */ = {isa = PBXBuildFile; productRef = 0DB9292A2C78083200BF7712 /* FirebaseFirestoreCombine-Community */; };
		0DB9292D2C78083200BF7712 /* FirebaseFunctions in Frameworks */ = {isa = PBXBuildFile; productRef = 0DB9292C2C78083200BF7712 /* FirebaseFunctions */; };
		0DB9292F2C78083200BF7712 /* FirebaseFunctionsCombine-Community in Frameworks */ = {isa = PBXBuildFile; productRef = 0DB9292E2C78083200BF7712 /* FirebaseFunctionsCombine-Community */; };
		0DB929312C78083200BF7712 /* FirebaseInAppMessaging-Beta in Frameworks */ = {isa = PBXBuildFile; productRef = 0DB929302C78083200BF7712 /* FirebaseInAppMessaging-Beta */; };
		0DB929332C78083200BF7712 /* FirebaseInstallations in Frameworks */ = {isa = PBXBuildFile; productRef = 0DB929322C78083200BF7712 /* FirebaseInstallations */; };
		0DB929352C78083200BF7712 /* FirebaseMLModelDownloader in Frameworks */ = {isa = PBXBuildFile; productRef = 0DB929342C78083200BF7712 /* FirebaseMLModelDownloader */; };
		0DB929372C78083200BF7712 /* FirebaseMessaging in Frameworks */ = {isa = PBXBuildFile; productRef = 0DB929362C78083200BF7712 /* FirebaseMessaging */; };
		0DB929392C78083200BF7712 /* FirebasePerformance in Frameworks */ = {isa = PBXBuildFile; productRef = 0DB929382C78083200BF7712 /* FirebasePerformance */; };
		0DB9293B2C78083200BF7712 /* FirebaseRemoteConfig in Frameworks */ = {isa = PBXBuildFile; productRef = 0DB9293A2C78083200BF7712 /* FirebaseRemoteConfig */; };
		0DB9293D2C78083200BF7712 /* FirebaseStorage in Frameworks */ = {isa = PBXBuildFile; productRef = 0DB9293C2C78083200BF7712 /* FirebaseStorage */; };
		0DB9293F2C78083200BF7712 /* FirebaseStorageCombine-Community in Frameworks */ = {isa = PBXBuildFile; productRef = 0DB9293E2C78083200BF7712 /* FirebaseStorageCombine-Community */; };
		0DB929412C78083200BF7712 /* FirebaseVertexAI-Preview in Frameworks */ = {isa = PBXBuildFile; productRef = 0DB929402C78083200BF7712 /* FirebaseVertexAI-Preview */; };
/* End PBXBuildFile section */

/* Begin PBXContainerItemProxy section */
		0DB928F52C77FB2300BF7712 /* PBXContainerItemProxy */ = {
			isa = PBXContainerItemProxy;
			containerPortal = 0DB928DC2C77FB2100BF7712 /* Project object */;
			proxyType = 1;
			remoteGlobalIDString = 0DB928E32C77FB2100BF7712;
			remoteInfo = SocialMusicMediaApp;
		};
		0DB928FF2C77FB2300BF7712 /* PBXContainerItemProxy */ = {
			isa = PBXContainerItemProxy;
			containerPortal = 0DB928DC2C77FB2100BF7712 /* Project object */;
			proxyType = 1;
			remoteGlobalIDString = 0DB928E32C77FB2100BF7712;
			remoteInfo = SocialMusicMediaApp;
		};
/* End PBXContainerItemProxy section */

/* Begin PBXFileReference section */
		0D2397AB2C78D59B00B7CEC3 /* RootView.swift */ = {isa = PBXFileReference; lastKnownFileType = sourcecode.swift; path = RootView.swift; sourceTree = "<group>"; };
		0D2397AD2C78D8DF00B7CEC3 /* SettingsView.swift */ = {isa = PBXFileReference; lastKnownFileType = sourcecode.swift; path = SettingsView.swift; sourceTree = "<group>"; };
		0DAE4A4D2C78277C00A5906D /* AuthenticationView.swift */ = {isa = PBXFileReference; lastKnownFileType = sourcecode.swift; path = AuthenticationView.swift; sourceTree = "<group>"; };
		0DAE4A4F2C78294B00A5906D /* SignInEmailView.swift */ = {isa = PBXFileReference; lastKnownFileType = sourcecode.swift; path = SignInEmailView.swift; sourceTree = "<group>"; };
		0DAE4A532C782DC600A5906D /* AuthenticationManager.swift */ = {isa = PBXFileReference; lastKnownFileType = sourcecode.swift; path = AuthenticationManager.swift; sourceTree = "<group>"; };
		0DB928E42C77FB2100BF7712 /* SocialMusicMediaApp.app */ = {isa = PBXFileReference; explicitFileType = wrapper.application; includeInIndex = 0; path = SocialMusicMediaApp.app; sourceTree = BUILT_PRODUCTS_DIR; };
		0DB928E72C77FB2100BF7712 /* SocialMusicMediaAppApp.swift */ = {isa = PBXFileReference; lastKnownFileType = sourcecode.swift; path = SocialMusicMediaAppApp.swift; sourceTree = "<group>"; };
		0DB928E92C77FB2100BF7712 /* ContentView.swift */ = {isa = PBXFileReference; lastKnownFileType = sourcecode.swift; path = ContentView.swift; sourceTree = "<group>"; };
		0DB928EB2C77FB2300BF7712 /* Assets.xcassets */ = {isa = PBXFileReference; lastKnownFileType = folder.assetcatalog; path = Assets.xcassets; sourceTree = "<group>"; };
		0DB928EE2C77FB2300BF7712 /* Preview Assets.xcassets */ = {isa = PBXFileReference; lastKnownFileType = folder.assetcatalog; path = "Preview Assets.xcassets"; sourceTree = "<group>"; };
		0DB928F42C77FB2300BF7712 /* SocialMusicMediaAppTests.xctest */ = {isa = PBXFileReference; explicitFileType = wrapper.cfbundle; includeInIndex = 0; path = SocialMusicMediaAppTests.xctest; sourceTree = BUILT_PRODUCTS_DIR; };
		0DB928F82C77FB2300BF7712 /* SocialMusicMediaAppTests.swift */ = {isa = PBXFileReference; lastKnownFileType = sourcecode.swift; path = SocialMusicMediaAppTests.swift; sourceTree = "<group>"; };
		0DB928FE2C77FB2300BF7712 /* SocialMusicMediaAppUITests.xctest */ = {isa = PBXFileReference; explicitFileType = wrapper.cfbundle; includeInIndex = 0; path = SocialMusicMediaAppUITests.xctest; sourceTree = BUILT_PRODUCTS_DIR; };
		0DB929022C77FB2300BF7712 /* SocialMusicMediaAppUITests.swift */ = {isa = PBXFileReference; lastKnownFileType = sourcecode.swift; path = SocialMusicMediaAppUITests.swift; sourceTree = "<group>"; };
		0DB929042C77FB2300BF7712 /* SocialMusicMediaAppUITestsLaunchTests.swift */ = {isa = PBXFileReference; lastKnownFileType = sourcecode.swift; path = SocialMusicMediaAppUITestsLaunchTests.swift; sourceTree = "<group>"; };
		0DB929112C78074C00BF7712 /* GoogleService-Info.plist */ = {isa = PBXFileReference; fileEncoding = 4; lastKnownFileType = text.plist.xml; path = "GoogleService-Info.plist"; sourceTree = "<group>"; };
/* End PBXFileReference section */

/* Begin PBXFrameworksBuildPhase section */
		0DB928E12C77FB2100BF7712 /* Frameworks */ = {
			isa = PBXFrameworksBuildPhase;
			buildActionMask = 2147483647;
			files = (
				0DB9293F2C78083200BF7712 /* FirebaseStorageCombine-Community in Frameworks */,
				0DB929372C78083200BF7712 /* FirebaseMessaging in Frameworks */,
				0DB929352C78083200BF7712 /* FirebaseMLModelDownloader in Frameworks */,
				0DB9291B2C78083200BF7712 /* FirebaseAppCheck in Frameworks */,
				0DB9291F2C78083200BF7712 /* FirebaseAuth in Frameworks */,
				0DB929152C78083200BF7712 /* FirebaseAnalytics in Frameworks */,
				0DB9291D2C78083200BF7712 /* FirebaseAppDistribution-Beta in Frameworks */,
				0DB929192C78083200BF7712 /* FirebaseAnalyticsWithoutAdIdSupport in Frameworks */,
				0DB929232C78083200BF7712 /* FirebaseCrashlytics in Frameworks */,
				0DB929252C78083200BF7712 /* FirebaseDatabase in Frameworks */,
				0DB9292F2C78083200BF7712 /* FirebaseFunctionsCombine-Community in Frameworks */,
				0DB929212C78083200BF7712 /* FirebaseAuthCombine-Community in Frameworks */,
				0DB9293D2C78083200BF7712 /* FirebaseStorage in Frameworks */,
				0DB929172C78083200BF7712 /* FirebaseAnalyticsOnDeviceConversion in Frameworks */,
				0DB9292D2C78083200BF7712 /* FirebaseFunctions in Frameworks */,
				0DB929332C78083200BF7712 /* FirebaseInstallations in Frameworks */,
				0DB929392C78083200BF7712 /* FirebasePerformance in Frameworks */,
				0DB9292B2C78083200BF7712 /* FirebaseFirestoreCombine-Community in Frameworks */,
				0DB929292C78083200BF7712 /* FirebaseFirestore in Frameworks */,
				0DB929272C78083200BF7712 /* FirebaseDynamicLinks in Frameworks */,
				0DB929312C78083200BF7712 /* FirebaseInAppMessaging-Beta in Frameworks */,
				0DB929412C78083200BF7712 /* FirebaseVertexAI-Preview in Frameworks */,
				0DB9293B2C78083200BF7712 /* FirebaseRemoteConfig in Frameworks */,
			);
			runOnlyForDeploymentPostprocessing = 0;
		};
		0DB928F12C77FB2300BF7712 /* Frameworks */ = {
			isa = PBXFrameworksBuildPhase;
			buildActionMask = 2147483647;
			files = (
			);
			runOnlyForDeploymentPostprocessing = 0;
		};
		0DB928FB2C77FB2300BF7712 /* Frameworks */ = {
			isa = PBXFrameworksBuildPhase;
			buildActionMask = 2147483647;
			files = (
			);
			runOnlyForDeploymentPostprocessing = 0;
		};
/* End PBXFrameworksBuildPhase section */

/* Begin PBXGroup section */
		0DB928DB2C77FB2100BF7712 = {
			isa = PBXGroup;
			children = (
				0DB928E62C77FB2100BF7712 /* SocialMusicMediaApp */,
				0DB928F72C77FB2300BF7712 /* SocialMusicMediaAppTests */,
				0DB929012C77FB2300BF7712 /* SocialMusicMediaAppUITests */,
				0DB928E52C77FB2100BF7712 /* Products */,
			);
			sourceTree = "<group>";
		};
		0DB928E52C77FB2100BF7712 /* Products */ = {
			isa = PBXGroup;
			children = (
				0DB928E42C77FB2100BF7712 /* SocialMusicMediaApp.app */,
				0DB928F42C77FB2300BF7712 /* SocialMusicMediaAppTests.xctest */,
				0DB928FE2C77FB2300BF7712 /* SocialMusicMediaAppUITests.xctest */,
			);
			name = Products;
			sourceTree = "<group>";
		};
		0DB928E62C77FB2100BF7712 /* SocialMusicMediaApp */ = {
			isa = PBXGroup;
			children = (
				0DB928E72C77FB2100BF7712 /* SocialMusicMediaAppApp.swift */,
				0DB928E92C77FB2100BF7712 /* ContentView.swift */,
				0DB929442C780DF500BF7712 /* Authentication */,
				0DB929112C78074C00BF7712 /* GoogleService-Info.plist */,
				0DB928EB2C77FB2300BF7712 /* Assets.xcassets */,
				0DB928ED2C77FB2300BF7712 /* Preview Content */,
			);
			path = SocialMusicMediaApp;
			sourceTree = "<group>";
		};
		0DB928ED2C77FB2300BF7712 /* Preview Content */ = {
			isa = PBXGroup;
			children = (
				0DB928EE2C77FB2300BF7712 /* Preview Assets.xcassets */,
			);
			path = "Preview Content";
			sourceTree = "<group>";
		};
		0DB928F72C77FB2300BF7712 /* SocialMusicMediaAppTests */ = {
			isa = PBXGroup;
			children = (
				0DB928F82C77FB2300BF7712 /* SocialMusicMediaAppTests.swift */,
			);
			path = SocialMusicMediaAppTests;
			sourceTree = "<group>";
		};
		0DB929012C77FB2300BF7712 /* SocialMusicMediaAppUITests */ = {
			isa = PBXGroup;
			children = (
				0DB929022C77FB2300BF7712 /* SocialMusicMediaAppUITests.swift */,
				0DB929042C77FB2300BF7712 /* SocialMusicMediaAppUITestsLaunchTests.swift */,
			);
			path = SocialMusicMediaAppUITests;
			sourceTree = "<group>";
		};
		0DB929442C780DF500BF7712 /* Authentication */ = {
			isa = PBXGroup;
			children = (
				0D2397AB2C78D59B00B7CEC3 /* RootView.swift */,
				0DAE4A4D2C78277C00A5906D /* AuthenticationView.swift */,
				0DAE4A4F2C78294B00A5906D /* SignInEmailView.swift */,
				0DAE4A532C782DC600A5906D /* AuthenticationManager.swift */,
				0D2397AD2C78D8DF00B7CEC3 /* SettingsView.swift */,
			);
			path = Authentication;
			sourceTree = "<group>";
		};
/* End PBXGroup section */

/* Begin PBXNativeTarget section */
		0DB928E32C77FB2100BF7712 /* SocialMusicMediaApp */ = {
			isa = PBXNativeTarget;
			buildConfigurationList = 0DB929082C77FB2300BF7712 /* Build configuration list for PBXNativeTarget "SocialMusicMediaApp" */;
			buildPhases = (
				0DB928E02C77FB2100BF7712 /* Sources */,
				0DB928E12C77FB2100BF7712 /* Frameworks */,
				0DB928E22C77FB2100BF7712 /* Resources */,
			);
			buildRules = (
			);
			dependencies = (
			);
			name = SocialMusicMediaApp;
			packageProductDependencies = (
				0DB929142C78083200BF7712 /* FirebaseAnalytics */,
				0DB929162C78083200BF7712 /* FirebaseAnalyticsOnDeviceConversion */,
				0DB929182C78083200BF7712 /* FirebaseAnalyticsWithoutAdIdSupport */,
				0DB9291A2C78083200BF7712 /* FirebaseAppCheck */,
				0DB9291C2C78083200BF7712 /* FirebaseAppDistribution-Beta */,
				0DB9291E2C78083200BF7712 /* FirebaseAuth */,
				0DB929202C78083200BF7712 /* FirebaseAuthCombine-Community */,
				0DB929222C78083200BF7712 /* FirebaseCrashlytics */,
				0DB929242C78083200BF7712 /* FirebaseDatabase */,
				0DB929262C78083200BF7712 /* FirebaseDynamicLinks */,
				0DB929282C78083200BF7712 /* FirebaseFirestore */,
				0DB9292A2C78083200BF7712 /* FirebaseFirestoreCombine-Community */,
				0DB9292C2C78083200BF7712 /* FirebaseFunctions */,
				0DB9292E2C78083200BF7712 /* FirebaseFunctionsCombine-Community */,
				0DB929302C78083200BF7712 /* FirebaseInAppMessaging-Beta */,
				0DB929322C78083200BF7712 /* FirebaseInstallations */,
				0DB929342C78083200BF7712 /* FirebaseMLModelDownloader */,
				0DB929362C78083200BF7712 /* FirebaseMessaging */,
				0DB929382C78083200BF7712 /* FirebasePerformance */,
				0DB9293A2C78083200BF7712 /* FirebaseRemoteConfig */,
				0DB9293C2C78083200BF7712 /* FirebaseStorage */,
				0DB9293E2C78083200BF7712 /* FirebaseStorageCombine-Community */,
				0DB929402C78083200BF7712 /* FirebaseVertexAI-Preview */,
			);
			productName = SocialMusicMediaApp;
			productReference = 0DB928E42C77FB2100BF7712 /* SocialMusicMediaApp.app */;
			productType = "com.apple.product-type.application";
		};
		0DB928F32C77FB2300BF7712 /* SocialMusicMediaAppTests */ = {
			isa = PBXNativeTarget;
			buildConfigurationList = 0DB9290B2C77FB2300BF7712 /* Build configuration list for PBXNativeTarget "SocialMusicMediaAppTests" */;
			buildPhases = (
				0DB928F02C77FB2300BF7712 /* Sources */,
				0DB928F12C77FB2300BF7712 /* Frameworks */,
				0DB928F22C77FB2300BF7712 /* Resources */,
			);
			buildRules = (
			);
			dependencies = (
				0DB928F62C77FB2300BF7712 /* PBXTargetDependency */,
			);
			name = SocialMusicMediaAppTests;
			productName = SocialMusicMediaAppTests;
			productReference = 0DB928F42C77FB2300BF7712 /* SocialMusicMediaAppTests.xctest */;
			productType = "com.apple.product-type.bundle.unit-test";
		};
		0DB928FD2C77FB2300BF7712 /* SocialMusicMediaAppUITests */ = {
			isa = PBXNativeTarget;
			buildConfigurationList = 0DB9290E2C77FB2300BF7712 /* Build configuration list for PBXNativeTarget "SocialMusicMediaAppUITests" */;
			buildPhases = (
				0DB928FA2C77FB2300BF7712 /* Sources */,
				0DB928FB2C77FB2300BF7712 /* Frameworks */,
				0DB928FC2C77FB2300BF7712 /* Resources */,
			);
			buildRules = (
			);
			dependencies = (
				0DB929002C77FB2300BF7712 /* PBXTargetDependency */,
			);
			name = SocialMusicMediaAppUITests;
			productName = SocialMusicMediaAppUITests;
			productReference = 0DB928FE2C77FB2300BF7712 /* SocialMusicMediaAppUITests.xctest */;
			productType = "com.apple.product-type.bundle.ui-testing";
		};
/* End PBXNativeTarget section */

/* Begin PBXProject section */
		0DB928DC2C77FB2100BF7712 /* Project object */ = {
			isa = PBXProject;
			attributes = {
				BuildIndependentTargetsInParallel = 1;
				LastSwiftUpdateCheck = 1540;
				LastUpgradeCheck = 1540;
				TargetAttributes = {
					0DB928E32C77FB2100BF7712 = {
						CreatedOnToolsVersion = 15.4;
					};
					0DB928F32C77FB2300BF7712 = {
						CreatedOnToolsVersion = 15.4;
						TestTargetID = 0DB928E32C77FB2100BF7712;
					};
					0DB928FD2C77FB2300BF7712 = {
						CreatedOnToolsVersion = 15.4;
						TestTargetID = 0DB928E32C77FB2100BF7712;
					};
				};
			};
			buildConfigurationList = 0DB928DF2C77FB2100BF7712 /* Build configuration list for PBXProject "SocialMusicMediaApp" */;
			compatibilityVersion = "Xcode 14.0";
			developmentRegion = en;
			hasScannedForEncodings = 0;
			knownRegions = (
				en,
				Base,
			);
			mainGroup = 0DB928DB2C77FB2100BF7712;
			packageReferences = (
				0DB929132C78083200BF7712 /* XCRemoteSwiftPackageReference "firebase-ios-sdk" */,
			);
			productRefGroup = 0DB928E52C77FB2100BF7712 /* Products */;
			projectDirPath = "";
			projectRoot = "";
			targets = (
				0DB928E32C77FB2100BF7712 /* SocialMusicMediaApp */,
				0DB928F32C77FB2300BF7712 /* SocialMusicMediaAppTests */,
				0DB928FD2C77FB2300BF7712 /* SocialMusicMediaAppUITests */,
			);
		};
/* End PBXProject section */

/* Begin PBXResourcesBuildPhase section */
		0DB928E22C77FB2100BF7712 /* Resources */ = {
			isa = PBXResourcesBuildPhase;
			buildActionMask = 2147483647;
			files = (
				0DB928EF2C77FB2300BF7712 /* Preview Assets.xcassets in Resources */,
				0DB928EC2C77FB2300BF7712 /* Assets.xcassets in Resources */,
				0DB929122C78074C00BF7712 /* GoogleService-Info.plist in Resources */,
			);
			runOnlyForDeploymentPostprocessing = 0;
		};
		0DB928F22C77FB2300BF7712 /* Resources */ = {
			isa = PBXResourcesBuildPhase;
			buildActionMask = 2147483647;
			files = (
			);
			runOnlyForDeploymentPostprocessing = 0;
		};
		0DB928FC2C77FB2300BF7712 /* Resources */ = {
			isa = PBXResourcesBuildPhase;
			buildActionMask = 2147483647;
			files = (
			);
			runOnlyForDeploymentPostprocessing = 0;
		};
/* End PBXResourcesBuildPhase section */

/* Begin PBXSourcesBuildPhase section */
		0DB928E02C77FB2100BF7712 /* Sources */ = {
			isa = PBXSourcesBuildPhase;
			buildActionMask = 2147483647;
			files = (
				0D2397AE2C78D8DF00B7CEC3 /* SettingsView.swift in Sources */,
				0DB928EA2C77FB2100BF7712 /* ContentView.swift in Sources */,
				0DB928E82C77FB2100BF7712 /* SocialMusicMediaAppApp.swift in Sources */,
				0D2397AC2C78D59B00B7CEC3 /* RootView.swift in Sources */,
				0DAE4A4E2C78277C00A5906D /* AuthenticationView.swift in Sources */,
				0DAE4A542C782DC600A5906D /* AuthenticationManager.swift in Sources */,
				0DAE4A502C78294B00A5906D /* SignInEmailView.swift in Sources */,
			);
			runOnlyForDeploymentPostprocessing = 0;
		};
		0DB928F02C77FB2300BF7712 /* Sources */ = {
			isa = PBXSourcesBuildPhase;
			buildActionMask = 2147483647;
			files = (
				0DB928F92C77FB2300BF7712 /* SocialMusicMediaAppTests.swift in Sources */,
			);
			runOnlyForDeploymentPostprocessing = 0;
		};
		0DB928FA2C77FB2300BF7712 /* Sources */ = {
			isa = PBXSourcesBuildPhase;
			buildActionMask = 2147483647;
			files = (
				0DB929052C77FB2300BF7712 /* SocialMusicMediaAppUITestsLaunchTests.swift in Sources */,
				0DB929032C77FB2300BF7712 /* SocialMusicMediaAppUITests.swift in Sources */,
			);
			runOnlyForDeploymentPostprocessing = 0;
		};
/* End PBXSourcesBuildPhase section */

/* Begin PBXTargetDependency section */
		0DB928F62C77FB2300BF7712 /* PBXTargetDependency */ = {
			isa = PBXTargetDependency;
			target = 0DB928E32C77FB2100BF7712 /* SocialMusicMediaApp */;
			targetProxy = 0DB928F52C77FB2300BF7712 /* PBXContainerItemProxy */;
		};
		0DB929002C77FB2300BF7712 /* PBXTargetDependency */ = {
			isa = PBXTargetDependency;
			target = 0DB928E32C77FB2100BF7712 /* SocialMusicMediaApp */;
			targetProxy = 0DB928FF2C77FB2300BF7712 /* PBXContainerItemProxy */;
		};
/* End PBXTargetDependency section */

/* Begin XCBuildConfiguration section */
		0DB929062C77FB2300BF7712 /* Debug */ = {
			isa = XCBuildConfiguration;
			buildSettings = {
				ALWAYS_SEARCH_USER_PATHS = NO;
				ASSETCATALOG_COMPILER_GENERATE_SWIFT_ASSET_SYMBOL_EXTENSIONS = YES;
				CLANG_ANALYZER_NONNULL = YES;
				CLANG_ANALYZER_NUMBER_OBJECT_CONVERSION = YES_AGGRESSIVE;
				CLANG_CXX_LANGUAGE_STANDARD = "gnu++20";
				CLANG_ENABLE_MODULES = YES;
				CLANG_ENABLE_OBJC_ARC = YES;
				CLANG_ENABLE_OBJC_WEAK = YES;
				CLANG_WARN_BLOCK_CAPTURE_AUTORELEASING = YES;
				CLANG_WARN_BOOL_CONVERSION = YES;
				CLANG_WARN_COMMA = YES;
				CLANG_WARN_CONSTANT_CONVERSION = YES;
				CLANG_WARN_DEPRECATED_OBJC_IMPLEMENTATIONS = YES;
				CLANG_WARN_DIRECT_OBJC_ISA_USAGE = YES_ERROR;
				CLANG_WARN_DOCUMENTATION_COMMENTS = YES;
				CLANG_WARN_EMPTY_BODY = YES;
				CLANG_WARN_ENUM_CONVERSION = YES;
				CLANG_WARN_INFINITE_RECURSION = YES;
				CLANG_WARN_INT_CONVERSION = YES;
				CLANG_WARN_NON_LITERAL_NULL_CONVERSION = YES;
				CLANG_WARN_OBJC_IMPLICIT_RETAIN_SELF = YES;
				CLANG_WARN_OBJC_LITERAL_CONVERSION = YES;
				CLANG_WARN_OBJC_ROOT_CLASS = YES_ERROR;
				CLANG_WARN_QUOTED_INCLUDE_IN_FRAMEWORK_HEADER = YES;
				CLANG_WARN_RANGE_LOOP_ANALYSIS = YES;
				CLANG_WARN_STRICT_PROTOTYPES = YES;
				CLANG_WARN_SUSPICIOUS_MOVE = YES;
				CLANG_WARN_UNGUARDED_AVAILABILITY = YES_AGGRESSIVE;
				CLANG_WARN_UNREACHABLE_CODE = YES;
				CLANG_WARN__DUPLICATE_METHOD_MATCH = YES;
				COPY_PHASE_STRIP = NO;
				DEBUG_INFORMATION_FORMAT = dwarf;
				ENABLE_STRICT_OBJC_MSGSEND = YES;
				ENABLE_TESTABILITY = YES;
				ENABLE_USER_SCRIPT_SANDBOXING = YES;
				GCC_C_LANGUAGE_STANDARD = gnu17;
				GCC_DYNAMIC_NO_PIC = NO;
				GCC_NO_COMMON_BLOCKS = YES;
				GCC_OPTIMIZATION_LEVEL = 0;
				GCC_PREPROCESSOR_DEFINITIONS = (
					"DEBUG=1",
					"$(inherited)",
				);
				GCC_WARN_64_TO_32_BIT_CONVERSION = YES;
				GCC_WARN_ABOUT_RETURN_TYPE = YES_ERROR;
				GCC_WARN_UNDECLARED_SELECTOR = YES;
				GCC_WARN_UNINITIALIZED_AUTOS = YES_AGGRESSIVE;
				GCC_WARN_UNUSED_FUNCTION = YES;
				GCC_WARN_UNUSED_VARIABLE = YES;
				IPHONEOS_DEPLOYMENT_TARGET = 17.5;
				LOCALIZATION_PREFERS_STRING_CATALOGS = YES;
				MTL_ENABLE_DEBUG_INFO = INCLUDE_SOURCE;
				MTL_FAST_MATH = YES;
				ONLY_ACTIVE_ARCH = YES;
				SDKROOT = iphoneos;
				SWIFT_ACTIVE_COMPILATION_CONDITIONS = "DEBUG $(inherited)";
				SWIFT_OPTIMIZATION_LEVEL = "-Onone";
			};
			name = Debug;
		};
		0DB929072C77FB2300BF7712 /* Release */ = {
			isa = XCBuildConfiguration;
			buildSettings = {
				ALWAYS_SEARCH_USER_PATHS = NO;
				ASSETCATALOG_COMPILER_GENERATE_SWIFT_ASSET_SYMBOL_EXTENSIONS = YES;
				CLANG_ANALYZER_NONNULL = YES;
				CLANG_ANALYZER_NUMBER_OBJECT_CONVERSION = YES_AGGRESSIVE;
				CLANG_CXX_LANGUAGE_STANDARD = "gnu++20";
				CLANG_ENABLE_MODULES = YES;
				CLANG_ENABLE_OBJC_ARC = YES;
				CLANG_ENABLE_OBJC_WEAK = YES;
				CLANG_WARN_BLOCK_CAPTURE_AUTORELEASING = YES;
				CLANG_WARN_BOOL_CONVERSION = YES;
				CLANG_WARN_COMMA = YES;
				CLANG_WARN_CONSTANT_CONVERSION = YES;
				CLANG_WARN_DEPRECATED_OBJC_IMPLEMENTATIONS = YES;
				CLANG_WARN_DIRECT_OBJC_ISA_USAGE = YES_ERROR;
				CLANG_WARN_DOCUMENTATION_COMMENTS = YES;
				CLANG_WARN_EMPTY_BODY = YES;
				CLANG_WARN_ENUM_CONVERSION = YES;
				CLANG_WARN_INFINITE_RECURSION = YES;
				CLANG_WARN_INT_CONVERSION = YES;
				CLANG_WARN_NON_LITERAL_NULL_CONVERSION = YES;
				CLANG_WARN_OBJC_IMPLICIT_RETAIN_SELF = YES;
				CLANG_WARN_OBJC_LITERAL_CONVERSION = YES;
				CLANG_WARN_OBJC_ROOT_CLASS = YES_ERROR;
				CLANG_WARN_QUOTED_INCLUDE_IN_FRAMEWORK_HEADER = YES;
				CLANG_WARN_RANGE_LOOP_ANALYSIS = YES;
				CLANG_WARN_STRICT_PROTOTYPES = YES;
				CLANG_WARN_SUSPICIOUS_MOVE = YES;
				CLANG_WARN_UNGUARDED_AVAILABILITY = YES_AGGRESSIVE;
				CLANG_WARN_UNREACHABLE_CODE = YES;
				CLANG_WARN__DUPLICATE_METHOD_MATCH = YES;
				COPY_PHASE_STRIP = NO;
				DEBUG_INFORMATION_FORMAT = "dwarf-with-dsym";
				ENABLE_NS_ASSERTIONS = NO;
				ENABLE_STRICT_OBJC_MSGSEND = YES;
				ENABLE_USER_SCRIPT_SANDBOXING = YES;
				GCC_C_LANGUAGE_STANDARD = gnu17;
				GCC_NO_COMMON_BLOCKS = YES;
				GCC_WARN_64_TO_32_BIT_CONVERSION = YES;
				GCC_WARN_ABOUT_RETURN_TYPE = YES_ERROR;
				GCC_WARN_UNDECLARED_SELECTOR = YES;
				GCC_WARN_UNINITIALIZED_AUTOS = YES_AGGRESSIVE;
				GCC_WARN_UNUSED_FUNCTION = YES;
				GCC_WARN_UNUSED_VARIABLE = YES;
				IPHONEOS_DEPLOYMENT_TARGET = 17.5;
				LOCALIZATION_PREFERS_STRING_CATALOGS = YES;
				MTL_ENABLE_DEBUG_INFO = NO;
				MTL_FAST_MATH = YES;
				SDKROOT = iphoneos;
				SWIFT_COMPILATION_MODE = wholemodule;
				VALIDATE_PRODUCT = YES;
			};
			name = Release;
		};
		0DB929092C77FB2300BF7712 /* Debug */ = {
			isa = XCBuildConfiguration;
			buildSettings = {
				ASSETCATALOG_COMPILER_APPICON_NAME = AppIcon;
				ASSETCATALOG_COMPILER_GLOBAL_ACCENT_COLOR_NAME = AccentColor;
				CODE_SIGN_STYLE = Automatic;
				CURRENT_PROJECT_VERSION = 1;
				DEVELOPMENT_ASSET_PATHS = "\"SocialMusicMediaApp/Preview Content\"";
				DEVELOPMENT_TEAM = 5FGB2S4NR6;
				ENABLE_PREVIEWS = YES;
				GENERATE_INFOPLIST_FILE = YES;
				INFOPLIST_KEY_UIApplicationSceneManifest_Generation = YES;
				INFOPLIST_KEY_UIApplicationSupportsIndirectInputEvents = YES;
				INFOPLIST_KEY_UILaunchScreen_Generation = YES;
				INFOPLIST_KEY_UISupportedInterfaceOrientations_iPad = "UIInterfaceOrientationPortrait UIInterfaceOrientationPortraitUpsideDown UIInterfaceOrientationLandscapeLeft UIInterfaceOrientationLandscapeRight";
				INFOPLIST_KEY_UISupportedInterfaceOrientations_iPhone = "UIInterfaceOrientationPortrait UIInterfaceOrientationLandscapeLeft UIInterfaceOrientationLandscapeRight";
				LD_RUNPATH_SEARCH_PATHS = (
					"$(inherited)",
					"@executable_path/Frameworks",
				);
				MARKETING_VERSION = 1.0;
				PRODUCT_BUNDLE_IDENTIFIER = StartUp.SocialMusicMediaApp;
				PRODUCT_NAME = "$(TARGET_NAME)";
				SWIFT_EMIT_LOC_STRINGS = YES;
				SWIFT_VERSION = 5.0;
				TARGETED_DEVICE_FAMILY = "1,2";
			};
			name = Debug;
		};
		0DB9290A2C77FB2300BF7712 /* Release */ = {
			isa = XCBuildConfiguration;
			buildSettings = {
				ASSETCATALOG_COMPILER_APPICON_NAME = AppIcon;
				ASSETCATALOG_COMPILER_GLOBAL_ACCENT_COLOR_NAME = AccentColor;
				CODE_SIGN_STYLE = Automatic;
				CURRENT_PROJECT_VERSION = 1;
				DEVELOPMENT_ASSET_PATHS = "\"SocialMusicMediaApp/Preview Content\"";
				DEVELOPMENT_TEAM = 5FGB2S4NR6;
				ENABLE_PREVIEWS = YES;
				GENERATE_INFOPLIST_FILE = YES;
				INFOPLIST_KEY_UIApplicationSceneManifest_Generation = YES;
				INFOPLIST_KEY_UIApplicationSupportsIndirectInputEvents = YES;
				INFOPLIST_KEY_UILaunchScreen_Generation = YES;
				INFOPLIST_KEY_UISupportedInterfaceOrientations_iPad = "UIInterfaceOrientationPortrait UIInterfaceOrientationPortraitUpsideDown UIInterfaceOrientationLandscapeLeft UIInterfaceOrientationLandscapeRight";
				INFOPLIST_KEY_UISupportedInterfaceOrientations_iPhone = "UIInterfaceOrientationPortrait UIInterfaceOrientationLandscapeLeft UIInterfaceOrientationLandscapeRight";
				LD_RUNPATH_SEARCH_PATHS = (
					"$(inherited)",
					"@executable_path/Frameworks",
				);
				MARKETING_VERSION = 1.0;
				PRODUCT_BUNDLE_IDENTIFIER = StartUp.SocialMusicMediaApp;
				PRODUCT_NAME = "$(TARGET_NAME)";
				SWIFT_EMIT_LOC_STRINGS = YES;
				SWIFT_VERSION = 5.0;
				TARGETED_DEVICE_FAMILY = "1,2";
			};
			name = Release;
		};
		0DB9290C2C77FB2300BF7712 /* Debug */ = {
			isa = XCBuildConfiguration;
			buildSettings = {
				ALWAYS_EMBED_SWIFT_STANDARD_LIBRARIES = YES;
				BUNDLE_LOADER = "$(TEST_HOST)";
				CODE_SIGN_STYLE = Automatic;
				CURRENT_PROJECT_VERSION = 1;
				DEVELOPMENT_TEAM = 5FGB2S4NR6;
				GENERATE_INFOPLIST_FILE = YES;
				IPHONEOS_DEPLOYMENT_TARGET = 17.5;
				MARKETING_VERSION = 1.0;
				PRODUCT_BUNDLE_IDENTIFIER = StartUp.SocialMusicMediaAppTests;
				PRODUCT_NAME = "$(TARGET_NAME)";
				SWIFT_EMIT_LOC_STRINGS = NO;
				SWIFT_VERSION = 5.0;
				TARGETED_DEVICE_FAMILY = "1,2";
				TEST_HOST = "$(BUILT_PRODUCTS_DIR)/SocialMusicMediaApp.app/$(BUNDLE_EXECUTABLE_FOLDER_PATH)/SocialMusicMediaApp";
			};
			name = Debug;
		};
		0DB9290D2C77FB2300BF7712 /* Release */ = {
			isa = XCBuildConfiguration;
			buildSettings = {
				ALWAYS_EMBED_SWIFT_STANDARD_LIBRARIES = YES;
				BUNDLE_LOADER = "$(TEST_HOST)";
				CODE_SIGN_STYLE = Automatic;
				CURRENT_PROJECT_VERSION = 1;
				DEVELOPMENT_TEAM = 5FGB2S4NR6;
				GENERATE_INFOPLIST_FILE = YES;
				IPHONEOS_DEPLOYMENT_TARGET = 17.5;
				MARKETING_VERSION = 1.0;
				PRODUCT_BUNDLE_IDENTIFIER = StartUp.SocialMusicMediaAppTests;
				PRODUCT_NAME = "$(TARGET_NAME)";
				SWIFT_EMIT_LOC_STRINGS = NO;
				SWIFT_VERSION = 5.0;
				TARGETED_DEVICE_FAMILY = "1,2";
				TEST_HOST = "$(BUILT_PRODUCTS_DIR)/SocialMusicMediaApp.app/$(BUNDLE_EXECUTABLE_FOLDER_PATH)/SocialMusicMediaApp";
			};
			name = Release;
		};
		0DB9290F2C77FB2300BF7712 /* Debug */ = {
			isa = XCBuildConfiguration;
			buildSettings = {
				ALWAYS_EMBED_SWIFT_STANDARD_LIBRARIES = YES;
				CODE_SIGN_STYLE = Automatic;
				CURRENT_PROJECT_VERSION = 1;
				DEVELOPMENT_TEAM = 5FGB2S4NR6;
				GENERATE_INFOPLIST_FILE = YES;
				MARKETING_VERSION = 1.0;
				PRODUCT_BUNDLE_IDENTIFIER = StartUp.SocialMusicMediaAppUITests;
				PRODUCT_NAME = "$(TARGET_NAME)";
				SWIFT_EMIT_LOC_STRINGS = NO;
				SWIFT_VERSION = 5.0;
				TARGETED_DEVICE_FAMILY = "1,2";
				TEST_TARGET_NAME = SocialMusicMediaApp;
			};
			name = Debug;
		};
		0DB929102C77FB2300BF7712 /* Release */ = {
			isa = XCBuildConfiguration;
			buildSettings = {
				ALWAYS_EMBED_SWIFT_STANDARD_LIBRARIES = YES;
				CODE_SIGN_STYLE = Automatic;
				CURRENT_PROJECT_VERSION = 1;
				DEVELOPMENT_TEAM = 5FGB2S4NR6;
				GENERATE_INFOPLIST_FILE = YES;
				MARKETING_VERSION = 1.0;
				PRODUCT_BUNDLE_IDENTIFIER = StartUp.SocialMusicMediaAppUITests;
				PRODUCT_NAME = "$(TARGET_NAME)";
				SWIFT_EMIT_LOC_STRINGS = NO;
				SWIFT_VERSION = 5.0;
				TARGETED_DEVICE_FAMILY = "1,2";
				TEST_TARGET_NAME = SocialMusicMediaApp;
			};
			name = Release;
		};
/* End XCBuildConfiguration section */

/* Begin XCConfigurationList section */
		0DB928DF2C77FB2100BF7712 /* Build configuration list for PBXProject "SocialMusicMediaApp" */ = {
			isa = XCConfigurationList;
			buildConfigurations = (
				0DB929062C77FB2300BF7712 /* Debug */,
				0DB929072C77FB2300BF7712 /* Release */,
			);
			defaultConfigurationIsVisible = 0;
			defaultConfigurationName = Release;
		};
		0DB929082C77FB2300BF7712 /* Build configuration list for PBXNativeTarget "SocialMusicMediaApp" */ = {
			isa = XCConfigurationList;
			buildConfigurations = (
				0DB929092C77FB2300BF7712 /* Debug */,
				0DB9290A2C77FB2300BF7712 /* Release */,
			);
			defaultConfigurationIsVisible = 0;
			defaultConfigurationName = Release;
		};
		0DB9290B2C77FB2300BF7712 /* Build configuration list for PBXNativeTarget "SocialMusicMediaAppTests" */ = {
			isa = XCConfigurationList;
			buildConfigurations = (
				0DB9290C2C77FB2300BF7712 /* Debug */,
				0DB9290D2C77FB2300BF7712 /* Release */,
			);
			defaultConfigurationIsVisible = 0;
			defaultConfigurationName = Release;
		};
		0DB9290E2C77FB2300BF7712 /* Build configuration list for PBXNativeTarget "SocialMusicMediaAppUITests" */ = {
			isa = XCConfigurationList;
			buildConfigurations = (
				0DB9290F2C77FB2300BF7712 /* Debug */,
				0DB929102C77FB2300BF7712 /* Release */,
			);
			defaultConfigurationIsVisible = 0;
			defaultConfigurationName = Release;
		};
/* End XCConfigurationList section */

/* Begin XCRemoteSwiftPackageReference section */
		0DB929132C78083200BF7712 /* XCRemoteSwiftPackageReference "firebase-ios-sdk" */ = {
			isa = XCRemoteSwiftPackageReference;
			repositoryURL = "https://github.com/firebase/firebase-ios-sdk";
			requirement = {
				kind = upToNextMajorVersion;
				minimumVersion = 11.1.0;
			};
		};
/* End XCRemoteSwiftPackageReference section */

/* Begin XCSwiftPackageProductDependency section */
		0DB929142C78083200BF7712 /* FirebaseAnalytics */ = {
			isa = XCSwiftPackageProductDependency;
			package = 0DB929132C78083200BF7712 /* XCRemoteSwiftPackageReference "firebase-ios-sdk" */;
			productName = FirebaseAnalytics;
		};
		0DB929162C78083200BF7712 /* FirebaseAnalyticsOnDeviceConversion */ = {
			isa = XCSwiftPackageProductDependency;
			package = 0DB929132C78083200BF7712 /* XCRemoteSwiftPackageReference "firebase-ios-sdk" */;
			productName = FirebaseAnalyticsOnDeviceConversion;
		};
		0DB929182C78083200BF7712 /* FirebaseAnalyticsWithoutAdIdSupport */ = {
			isa = XCSwiftPackageProductDependency;
			package = 0DB929132C78083200BF7712 /* XCRemoteSwiftPackageReference "firebase-ios-sdk" */;
			productName = FirebaseAnalyticsWithoutAdIdSupport;
		};
		0DB9291A2C78083200BF7712 /* FirebaseAppCheck */ = {
			isa = XCSwiftPackageProductDependency;
			package = 0DB929132C78083200BF7712 /* XCRemoteSwiftPackageReference "firebase-ios-sdk" */;
			productName = FirebaseAppCheck;
		};
		0DB9291C2C78083200BF7712 /* FirebaseAppDistribution-Beta */ = {
			isa = XCSwiftPackageProductDependency;
			package = 0DB929132C78083200BF7712 /* XCRemoteSwiftPackageReference "firebase-ios-sdk" */;
			productName = "FirebaseAppDistribution-Beta";
		};
		0DB9291E2C78083200BF7712 /* FirebaseAuth */ = {
			isa = XCSwiftPackageProductDependency;
			package = 0DB929132C78083200BF7712 /* XCRemoteSwiftPackageReference "firebase-ios-sdk" */;
			productName = FirebaseAuth;
		};
		0DB929202C78083200BF7712 /* FirebaseAuthCombine-Community */ = {
			isa = XCSwiftPackageProductDependency;
			package = 0DB929132C78083200BF7712 /* XCRemoteSwiftPackageReference "firebase-ios-sdk" */;
			productName = "FirebaseAuthCombine-Community";
		};
		0DB929222C78083200BF7712 /* FirebaseCrashlytics */ = {
			isa = XCSwiftPackageProductDependency;
			package = 0DB929132C78083200BF7712 /* XCRemoteSwiftPackageReference "firebase-ios-sdk" */;
			productName = FirebaseCrashlytics;
		};
		0DB929242C78083200BF7712 /* FirebaseDatabase */ = {
			isa = XCSwiftPackageProductDependency;
			package = 0DB929132C78083200BF7712 /* XCRemoteSwiftPackageReference "firebase-ios-sdk" */;
			productName = FirebaseDatabase;
		};
		0DB929262C78083200BF7712 /* FirebaseDynamicLinks */ = {
			isa = XCSwiftPackageProductDependency;
			package = 0DB929132C78083200BF7712 /* XCRemoteSwiftPackageReference "firebase-ios-sdk" */;
			productName = FirebaseDynamicLinks;
		};
		0DB929282C78083200BF7712 /* FirebaseFirestore */ = {
			isa = XCSwiftPackageProductDependency;
			package = 0DB929132C78083200BF7712 /* XCRemoteSwiftPackageReference "firebase-ios-sdk" */;
			productName = FirebaseFirestore;
		};
		0DB9292A2C78083200BF7712 /* FirebaseFirestoreCombine-Community */ = {
			isa = XCSwiftPackageProductDependency;
			package = 0DB929132C78083200BF7712 /* XCRemoteSwiftPackageReference "firebase-ios-sdk" */;
			productName = "FirebaseFirestoreCombine-Community";
		};
		0DB9292C2C78083200BF7712 /* FirebaseFunctions */ = {
			isa = XCSwiftPackageProductDependency;
			package = 0DB929132C78083200BF7712 /* XCRemoteSwiftPackageReference "firebase-ios-sdk" */;
			productName = FirebaseFunctions;
		};
		0DB9292E2C78083200BF7712 /* FirebaseFunctionsCombine-Community */ = {
			isa = XCSwiftPackageProductDependency;
			package = 0DB929132C78083200BF7712 /* XCRemoteSwiftPackageReference "firebase-ios-sdk" */;
			productName = "FirebaseFunctionsCombine-Community";
		};
		0DB929302C78083200BF7712 /* FirebaseInAppMessaging-Beta */ = {
			isa = XCSwiftPackageProductDependency;
			package = 0DB929132C78083200BF7712 /* XCRemoteSwiftPackageReference "firebase-ios-sdk" */;
			productName = "FirebaseInAppMessaging-Beta";
		};
		0DB929322C78083200BF7712 /* FirebaseInstallations */ = {
			isa = XCSwiftPackageProductDependency;
			package = 0DB929132C78083200BF7712 /* XCRemoteSwiftPackageReference "firebase-ios-sdk" */;
			productName = FirebaseInstallations;
		};
		0DB929342C78083200BF7712 /* FirebaseMLModelDownloader */ = {
			isa = XCSwiftPackageProductDependency;
			package = 0DB929132C78083200BF7712 /* XCRemoteSwiftPackageReference "firebase-ios-sdk" */;
			productName = FirebaseMLModelDownloader;
		};
		0DB929362C78083200BF7712 /* FirebaseMessaging */ = {
			isa = XCSwiftPackageProductDependency;
			package = 0DB929132C78083200BF7712 /* XCRemoteSwiftPackageReference "firebase-ios-sdk" */;
			productName = FirebaseMessaging;
		};
		0DB929382C78083200BF7712 /* FirebasePerformance */ = {
			isa = XCSwiftPackageProductDependency;
			package = 0DB929132C78083200BF7712 /* XCRemoteSwiftPackageReference "firebase-ios-sdk" */;
			productName = FirebasePerformance;
		};
		0DB9293A2C78083200BF7712 /* FirebaseRemoteConfig */ = {
			isa = XCSwiftPackageProductDependency;
			package = 0DB929132C78083200BF7712 /* XCRemoteSwiftPackageReference "firebase-ios-sdk" */;
			productName = FirebaseRemoteConfig;
		};
		0DB9293C2C78083200BF7712 /* FirebaseStorage */ = {
			isa = XCSwiftPackageProductDependency;
			package = 0DB929132C78083200BF7712 /* XCRemoteSwiftPackageReference "firebase-ios-sdk" */;
			productName = FirebaseStorage;
		};
		0DB9293E2C78083200BF7712 /* FirebaseStorageCombine-Community */ = {
			isa = XCSwiftPackageProductDependency;
			package = 0DB929132C78083200BF7712 /* XCRemoteSwiftPackageReference "firebase-ios-sdk" */;
			productName = "FirebaseStorageCombine-Community";
		};
		0DB929402C78083200BF7712 /* FirebaseVertexAI-Preview */ = {
			isa = XCSwiftPackageProductDependency;
			package = 0DB929132C78083200BF7712 /* XCRemoteSwiftPackageReference "firebase-ios-sdk" */;
			productName = "FirebaseVertexAI-Preview";
		};
/* End XCSwiftPackageProductDependency section */
	};
	rootObject = 0DB928DC2C77FB2100BF7712 /* Project object */;
}
